
Microsoft Visual Studio Solution File, Format Version 11.00
# Visual C++ Express 2010
Project("{8BC9CEB8-8B4A-11D0-8D11-00A0C91BC942}") = "NeNSlim", "NeNSlim.vcxproj", "{E17D897C-B0E9-4293-9101-209EED72A7C1}"
EndProject
Global
	GlobalSection(SolutionConfigurationPlatforms) = preSolution
		Debug|Win32 = Debug|Win32
		Release|Win32 = Release|Win32
		ReleaseDB|Win32 = ReleaseDB|Win32
	EndGlobalSection
	GlobalSection(ProjectConfigurationPlatforms) = postSolution
		{E17D897C-B0E9-4293-9101-209EED72A7C1}.Debug|Win32.ActiveCfg = Debug|Win32
		{E17D897C-B0E9-4293-9101-209EED72A7C1}.Debug|Win32.Build.0 = Debug|Win32
		{E17D897C-B0E9-4293-9101-209EED72A7C1}.Release|Win32.ActiveCfg = Release|Win32
		{E17D897C-B0E9-4293-9101-209EED72A7C1}.Release|Win32.Build.0 = Release|Win32
		{E17D897C-B0E9-4293-9101-209EED72A7C1}.ReleaseDB|Win32.ActiveCfg = ReleaseDB|Win32
		{E17D897C-B0E9-4293-9101-209EED72A7C1}.ReleaseDB|Win32.Build.0 = ReleaseDB|Win32
	EndGlobalSection
	GlobalSection(SolutionProperties) = preSolution
		HideSolutionNode = FALSE
	EndGlobalSection
EndGlobal
